
Microsoft Visual Studio Solution File, Format Version 12.00
# Visual Studio Version 17
VisualStudioVersion = 17.14.37216.2 d17.14
MinimumVisualStudioVersion = 10.0.40219.1
Project("{FAE04EC0-301F-11D3-BF4B-00C04F79EFBC}") = "EvaluationPlatform.API", "EvaluationPlatform.API\EvaluationPlatform.API.csproj", "{19E3840B-9FD2-4833-9115-0715B633C810}"
EndProject
Project("{FAE04EC0-301F-11D3-BF4B-00C04F79EFBC}") = "EvaluationPlatform.Application", "EvaluationPlatform.Application\EvaluationPlatform.Application.csproj", "{3B50D5A2-8F44-4EE8-B5AB-04153C52BD20}"
EndProject
Project("{FAE04EC0-301F-11D3-BF4B-00C04F79EFBC}") = "EvaluationPlatform.Domain", "EvaluationPlatform.Domain\EvaluationPlatform.Domain.csproj", "{C0756201-FDD1-47F8-BB51-694BEA4048C9}"
EndProject
Project("{FAE04EC0-301F-11D3-BF4B-00C04F79EFBC}") = "EvaluationPlatform.Infrastructure", "EvaluationPlatform.Infrastructure\EvaluationPlatform.Infrastructure.csproj", "{8D0CFB11-CD14-4B26-A8E5-BF350CE3590C}"
EndProject
Global
	GlobalSection(SolutionConfigurationPlatforms) = preSolution
		Debug|Any CPU = Debug|Any CPU
		Release|Any CPU = Release|Any CPU
	EndGlobalSection
	GlobalSection(ProjectConfigurationPlatforms) = postSolution
		{19E3840B-9FD2-4833-9115-0715B633C810}.Debug|Any CPU.ActiveCfg = Debug|Any CPU
		{19E3840B-9FD2-4833-9115-0715B633C810}.Debug|Any CPU.Build.0 = Debug|Any CPU
		{19E3840B-9FD2-4833-9115-0715B633C810}.Release|Any CPU.ActiveCfg = Release|Any CPU
		{19E3840B-9FD2-4833-9115-0715B633C810}.Release|Any CPU.Build.0 = Release|Any CPU
		{3B50D5A2-8F44-4EE8-B5AB-04153C52BD20}.Debug|Any CPU.ActiveCfg = Debug|Any CPU
		{3B50D5A2-8F44-4EE8-B5AB-04153C52BD20}.Debug|Any CPU.Build.0 = Debug|Any CPU
		{3B50D5A2-8F44-4EE8-B5AB-04153C52BD20}.Release|Any CPU.ActiveCfg = Release|Any CPU
		{3B50D5A2-8F44-4EE8-B5AB-04153C52BD20}.Release|Any CPU.Build.0 = Release|Any CPU
		{C0756201-FDD1-47F8-BB51-694BEA4048C9}.Debug|Any CPU.ActiveCfg = Debug|Any CPU
		{C0756201-FDD1-47F8-BB51-694BEA4048C9}.Debug|Any CPU.Build.0 = Debug|Any CPU
		{C0756201-FDD1-47F8-BB51-694BEA4048C9}.Release|Any CPU.ActiveCfg = Release|Any CPU
		{C0756201-FDD1-47F8-BB51-694BEA4048C9}.Release|Any CPU.Build.0 = Release|Any CPU
		{8D0CFB11-CD14-4B26-A8E5-BF350CE3590C}.Debug|Any CPU.ActiveCfg = Debug|Any CPU
		{8D0CFB11-CD14-4B26-A8E5-BF350CE3590C}.Debug|Any CPU.Build.0 = Debug|Any CPU
		{8D0CFB11-CD14-4B26-A8E5-BF350CE3590C}.Release|Any CPU.ActiveCfg = Release|Any CPU
		{8D0CFB11-CD14-4B26-A8E5-BF350CE3590C}.Release|Any CPU.Build.0 = Release|Any CPU
	EndGlobalSection
	GlobalSection(SolutionProperties) = preSolution
		HideSolutionNode = FALSE
	EndGlobalSection
	GlobalSection(ExtensibilityGlobals) = postSolution
		SolutionGuid = {23C78D6A-A4E5-45A8-B085-A5AB59522D9B}
	EndGlobalSection
EndGlobal
